
Microsoft Visual Studio Solution File, Format Version 12.00
# Visual Studio Version 17
VisualStudioVersion = 17.6.33723.286
MinimumVisualStudioVersion = 10.0.40219.1
Project("{F184B08F-C81C-45F6-A57F-5ABD9991F28F}") = "Bock Repair Part Profit Estimator", "Bock Repair Part Profit Estimator\Bock Repair Part Profit Estimator.vbproj", "{EF10AFF3-1D36-4577-93D5-3E5CE886D610}"
EndProject
Global
	GlobalSection(SolutionConfigurationPlatforms) = preSolution
		Debug|Any CPU = Debug|Any CPU
		Release|Any CPU = Release|Any CPU
	EndGlobalSection
	GlobalSection(ProjectConfigurationPlatforms) = postSolution
		{EF10AFF3-1D36-4577-93D5-3E5CE886D610}.Debug|Any CPU.ActiveCfg = Debug|Any CPU
		{EF10AFF3-1D36-4577-93D5-3E5CE886D610}.Debug|Any CPU.Build.0 = Debug|Any CPU
		{EF10AFF3-1D36-4577-93D5-3E5CE886D610}.Release|Any CPU.ActiveCfg = Release|Any CPU
		{EF10AFF3-1D36-4577-93D5-3E5CE886D610}.Release|Any CPU.Build.0 = Release|Any CPU
	EndGlobalSection
	GlobalSection(SolutionProperties) = preSolution
		HideSolutionNode = FALSE
	EndGlobalSection
	GlobalSection(ExtensibilityGlobals) = postSolution
		SolutionGuid = {01C02077-D6F6-4447-8479-752470CC199D}
	EndGlobalSection
EndGlobal
